
Microsoft Visual Studio Solution File, Format Version 12.00
# Visual Studio Version 16
VisualStudioVersion = 16.0.30523.141
MinimumVisualStudioVersion = 10.0.40219.1
Project("{FAE04EC0-301F-11D3-BF4B-00C04F79EFBC}") = "AgenciaInmobiliaria", "AgenciaInmobiliaria.csproj", "{5CD8A947-0673-48E4-9678-30A567C963A7}"
EndProject
Global
	GlobalSection(SolutionConfigurationPlatforms) = preSolution
		Debug|Any CPU = Debug|Any CPU
		Release|Any CPU = Release|Any CPU
	EndGlobalSection
	GlobalSection(ProjectConfigurationPlatforms) = postSolution
		{5CD8A947-0673-48E4-9678-30A567C963A7}.Debug|Any CPU.ActiveCfg = Debug|Any CPU
		{5CD8A947-0673-48E4-9678-30A567C963A7}.Debug|Any CPU.Build.0 = Debug|Any CPU
		{5CD8A947-0673-48E4-9678-30A567C963A7}.Release|Any CPU.ActiveCfg = Release|Any CPU
		{5CD8A947-0673-48E4-9678-30A567C963A7}.Release|Any CPU.Build.0 = Release|Any CPU
	EndGlobalSection
	GlobalSection(SolutionProperties) = preSolution
		HideSolutionNode = FALSE
	EndGlobalSection
	GlobalSection(ExtensibilityGlobals) = postSolution
		SolutionGuid = {A64D355E-386C-4A7E-8FB2-DD58785E3762}
	EndGlobalSection
EndGlobal
